
Microsoft Visual Studio Solution File, Format Version 12.00
# Visual Studio 15
VisualStudioVersion = 15.0.28010.2016
MinimumVisualStudioVersion = 10.0.40219.1
Project("{9A19103F-16F7-4668-BE54-9A1E7A4F7556}") = "SpyStore.Service", "SpyStore.Service\SpyStore.Service.csproj", "{5DDA62DA-74F6-4766-BAE1-5FE8318A9703}"
EndProject
Global
	GlobalSection(SolutionConfigurationPlatforms) = preSolution
		Debug|Any CPU = Debug|Any CPU
		Release|Any CPU = Release|Any CPU
	EndGlobalSection
	GlobalSection(ProjectConfigurationPlatforms) = postSolution
		{5DDA62DA-74F6-4766-BAE1-5FE8318A9703}.Debug|Any CPU.ActiveCfg = Debug|Any CPU
		{5DDA62DA-74F6-4766-BAE1-5FE8318A9703}.Debug|Any CPU.Build.0 = Debug|Any CPU
		{5DDA62DA-74F6-4766-BAE1-5FE8318A9703}.Release|Any CPU.ActiveCfg = Release|Any CPU
		{5DDA62DA-74F6-4766-BAE1-5FE8318A9703}.Release|Any CPU.Build.0 = Release|Any CPU
	EndGlobalSection
	GlobalSection(SolutionProperties) = preSolution
		HideSolutionNode = FALSE
	EndGlobalSection
	GlobalSection(ExtensibilityGlobals) = postSolution
		SolutionGuid = {F364CC2C-BB32-4E3A-8C09-0C9466D42104}
	EndGlobalSection
EndGlobal
